// !$*UTF8*$!
{
	archiveVersion = 1;
	classes = {
	};
	objectVersion = 46;
	objects = {

/* Begin PBXBuildFile section */
		411D7D0026ECBF03003D1B04 /* RNDFPBannerViewManager.m in Sources */ = {isa = PBXBuildFile; fileRef = 411D7CEC26ECBF03003D1B04 /* RNDFPBannerViewManager.m */; };
		411D7D0126ECBF03003D1B04 /* RNGADBannerView.m in Sources */ = {isa = PBXBuildFile; fileRef = 411D7CEE26ECBF03003D1B04 /* RNGADBannerView.m */; };
		411D7D0226ECBF03003D1B04 /* RNAdMobRewarded.m in Sources */ = {isa = PBXBuildFile; fileRef = 411D7CEF26ECBF03003D1B04 /* RNAdMobRewarded.m */; };
		411D7D0326ECBF03003D1B04 /* RCTConvert+GADAdSize.m in Sources */ = {isa = PBXBuildFile; fileRef = 411D7CF126ECBF03003D1B04 /* RCTConvert+GADAdSize.m */; };
		411D7D0426ECBF03003D1B04 /* InterstitialAdRequest.m in Sources */ = {isa = PBXBuildFile; fileRef = 411D7CF326ECBF03003D1B04 /* InterstitialAdRequest.m */; };
		411D7D0526ECBF03003D1B04 /* InterstitialAdPromise.m in Sources */ = {isa = PBXBuildFile; fileRef = 411D7CF526ECBF03003D1B04 /* InterstitialAdPromise.m */; };
		411D7D0626ECBF03003D1B04 /* RNAdMobInterstitial.m in Sources */ = {isa = PBXBuildFile; fileRef = 411D7CF726ECBF03003D1B04 /* RNAdMobInterstitial.m */; };
		411D7D0726ECBF03003D1B04 /* RNDFPBannerView.m in Sources */ = {isa = PBXBuildFile; fileRef = 411D7CF926ECBF03003D1B04 /* RNDFPBannerView.m */; };
		411D7D0826ECBF03003D1B04 /* RNAdMobUtils.m in Sources */ = {isa = PBXBuildFile; fileRef = 411D7CFB26ECBF03003D1B04 /* RNAdMobUtils.m */; };
		411D7D0926ECBF03003D1B04 /* RNGADBannerViewManager.m in Sources */ = {isa = PBXBuildFile; fileRef = 411D7CFC26ECBF03003D1B04 /* RNGADBannerViewManager.m */; };
/* End PBXBuildFile section */

/* Begin PBXCopyFilesBuildPhase section */
		A96DA7721C146D7200FC639B /* CopyFiles */ = {
			isa = PBXCopyFilesBuildPhase;
			buildActionMask = 2147483647;
			dstPath = "include/$(PRODUCT_NAME)";
			dstSubfolderSpec = 16;
			files = (
			);
			runOnlyForDeploymentPostprocessing = 0;
		};
/* End PBXCopyFilesBuildPhase section */

/* Begin PBXFileReference section */
		411D7CEB26ECBF03003D1B04 /* RNAdMobUtils.h */ = {isa = PBXFileReference; fileEncoding = 4; lastKnownFileType = sourcecode.c.h; path = RNAdMobUtils.h; sourceTree = "<group>"; };
		411D7CEC26ECBF03003D1B04 /* RNDFPBannerViewManager.m */ = {isa = PBXFileReference; fileEncoding = 4; lastKnownFileType = sourcecode.c.objc; path = RNDFPBannerViewManager.m; sourceTree = "<group>"; };
		411D7CED26ECBF03003D1B04 /* RNDFPBannerView.h */ = {isa = PBXFileReference; fileEncoding = 4; lastKnownFileType = sourcecode.c.h; path = RNDFPBannerView.h; sourceTree = "<group>"; };
		411D7CEE26ECBF03003D1B04 /* RNGADBannerView.m */ = {isa = PBXFileReference; fileEncoding = 4; lastKnownFileType = sourcecode.c.objc; path = RNGADBannerView.m; sourceTree = "<group>"; };
		411D7CEF26ECBF03003D1B04 /* RNAdMobRewarded.m */ = {isa = PBXFileReference; fileEncoding = 4; lastKnownFileType = sourcecode.c.objc; path = RNAdMobRewarded.m; sourceTree = "<group>"; };
		411D7CF026ECBF03003D1B04 /* RNGADBannerViewManager.h */ = {isa = PBXFileReference; fileEncoding = 4; lastKnownFileType = sourcecode.c.h; path = RNGADBannerViewManager.h; sourceTree = "<group>"; };
		411D7CF126ECBF03003D1B04 /* RCTConvert+GADAdSize.m */ = {isa = PBXFileReference; fileEncoding = 4; lastKnownFileType = sourcecode.c.objc; path = "RCTConvert+GADAdSize.m"; sourceTree = "<group>"; };
		411D7CF326ECBF03003D1B04 /* InterstitialAdRequest.m */ = {isa = PBXFileReference; fileEncoding = 4; lastKnownFileType = sourcecode.c.objc; path = InterstitialAdRequest.m; sourceTree = "<group>"; };
		411D7CF426ECBF03003D1B04 /* RNAdMobInterstitial.h */ = {isa = PBXFileReference; fileEncoding = 4; lastKnownFileType = sourcecode.c.h; path = RNAdMobInterstitial.h; sourceTree = "<group>"; };
		411D7CF526ECBF03003D1B04 /* InterstitialAdPromise.m */ = {isa = PBXFileReference; fileEncoding = 4; lastKnownFileType = sourcecode.c.objc; path = InterstitialAdPromise.m; sourceTree = "<group>"; };
		411D7CF626ECBF03003D1B04 /* InterstitialAdPromise.h */ = {isa = PBXFileReference; fileEncoding = 4; lastKnownFileType = sourcecode.c.h; path = InterstitialAdPromise.h; sourceTree = "<group>"; };
		411D7CF726ECBF03003D1B04 /* RNAdMobInterstitial.m */ = {isa = PBXFileReference; fileEncoding = 4; lastKnownFileType = sourcecode.c.objc; path = RNAdMobInterstitial.m; sourceTree = "<group>"; };
		411D7CF826ECBF03003D1B04 /* InterstitialAdRequest.h */ = {isa = PBXFileReference; fileEncoding = 4; lastKnownFileType = sourcecode.c.h; path = InterstitialAdRequest.h; sourceTree = "<group>"; };
		411D7CF926ECBF03003D1B04 /* RNDFPBannerView.m */ = {isa = PBXFileReference; fileEncoding = 4; lastKnownFileType = sourcecode.c.objc; path = RNDFPBannerView.m; sourceTree = "<group>"; };
		411D7CFA26ECBF03003D1B04 /* RNDFPBannerViewManager.h */ = {isa = PBXFileReference; fileEncoding = 4; lastKnownFileType = sourcecode.c.h; path = RNDFPBannerViewManager.h; sourceTree = "<group>"; };
		411D7CFB26ECBF03003D1B04 /* RNAdMobUtils.m */ = {isa = PBXFileReference; fileEncoding = 4; lastKnownFileType = sourcecode.c.objc; path = RNAdMobUtils.m; sourceTree = "<group>"; };
		411D7CFC26ECBF03003D1B04 /* RNGADBannerViewManager.m */ = {isa = PBXFileReference; fileEncoding = 4; lastKnownFileType = sourcecode.c.objc; path = RNGADBannerViewManager.m; sourceTree = "<group>"; };
		411D7CFD26ECBF03003D1B04 /* RNAdMobRewarded.h */ = {isa = PBXFileReference; fileEncoding = 4; lastKnownFileType = sourcecode.c.h; path = RNAdMobRewarded.h; sourceTree = "<group>"; };
		411D7CFE26ECBF03003D1B04 /* RNGADBannerView.h */ = {isa = PBXFileReference; fileEncoding = 4; lastKnownFileType = sourcecode.c.h; path = RNGADBannerView.h; sourceTree = "<group>"; };
		411D7CFF26ECBF03003D1B04 /* RCTConvert+GADAdSize.h */ = {isa = PBXFileReference; fileEncoding = 4; lastKnownFileType = sourcecode.c.h; path = "RCTConvert+GADAdSize.h"; sourceTree = "<group>"; };
		A96DA7741C146D7200FC639B /* libRNAdMobManager.a */ = {isa = PBXFileReference; explicitFileType = archive.ar; includeInIndex = 0; path = libRNAdMobManager.a; sourceTree = BUILT_PRODUCTS_DIR; };
/* End PBXFileReference section */

/* Begin PBXFrameworksBuildPhase section */
		A96DA7711C146D7200FC639B /* Frameworks */ = {
			isa = PBXFrameworksBuildPhase;
			buildActionMask = 2147483647;
			files = (
			);
			runOnlyForDeploymentPostprocessing = 0;
		};
/* End PBXFrameworksBuildPhase section */

/* Begin PBXGroup section */
		411D7CEA26ECBF03003D1B04 /* RNAdMobManager */ = {
			isa = PBXGroup;
			children = (
				411D7CF226ECBF03003D1B04 /* InterstitalAd */,
				411D7CEB26ECBF03003D1B04 /* RNAdMobUtils.h */,
				411D7CEC26ECBF03003D1B04 /* RNDFPBannerViewManager.m */,
				411D7CED26ECBF03003D1B04 /* RNDFPBannerView.h */,
				411D7CEE26ECBF03003D1B04 /* RNGADBannerView.m */,
				411D7CEF26ECBF03003D1B04 /* RNAdMobRewarded.m */,
				411D7CF026ECBF03003D1B04 /* RNGADBannerViewManager.h */,
				411D7CF126ECBF03003D1B04 /* RCTConvert+GADAdSize.m */,
				411D7CF926ECBF03003D1B04 /* RNDFPBannerView.m */,
				411D7CFA26ECBF03003D1B04 /* RNDFPBannerViewManager.h */,
				411D7CFB26ECBF03003D1B04 /* RNAdMobUtils.m */,
				411D7CFC26ECBF03003D1B04 /* RNGADBannerViewManager.m */,
				411D7CFD26ECBF03003D1B04 /* RNAdMobRewarded.h */,
				411D7CFE26ECBF03003D1B04 /* RNGADBannerView.h */,
				411D7CFF26ECBF03003D1B04 /* RCTConvert+GADAdSize.h */,
			);
			path = RNAdMobManager;
			sourceTree = "<group>";
		};
		411D7CF226ECBF03003D1B04 /* InterstitalAd */ = {
			isa = PBXGroup;
			children = (
				411D7CF326ECBF03003D1B04 /* InterstitialAdRequest.m */,
				411D7CF426ECBF03003D1B04 /* RNAdMobInterstitial.h */,
				411D7CF526ECBF03003D1B04 /* InterstitialAdPromise.m */,
				411D7CF626ECBF03003D1B04 /* InterstitialAdPromise.h */,
				411D7CF726ECBF03003D1B04 /* RNAdMobInterstitial.m */,
				411D7CF826ECBF03003D1B04 /* InterstitialAdRequest.h */,
			);
			path = InterstitalAd;
			sourceTree = "<group>";
		};
		A96DA76B1C146D7200FC639B = {
			isa = PBXGroup;
			children = (
				411D7CEA26ECBF03003D1B04 /* RNAdMobManager */,
				A96DA7751C146D7200FC639B /* Products */,
			);
			sourceTree = "<group>";
		};
		A96DA7751C146D7200FC639B /* Products */ = {
			isa = PBXGroup;
			children = (
				A96DA7741C146D7200FC639B /* libRNAdMobManager.a */,
			);
			name = Products;
			sourceTree = "<group>";
		};
/* End PBXGroup section */

/* Begin PBXNativeTarget section */
		A96DA7731C146D7200FC639B /* RNAdMobManager */ = {
			isa = PBXNativeTarget;
			buildConfigurationList = A96DA77D1C146D7200FC639B /* Build configuration list for PBXNativeTarget "RNAdMobManager" */;
			buildPhases = (
				A96DA7701C146D7200FC639B /* Sources */,
				A96DA7711C146D7200FC639B /* Frameworks */,
				A96DA7721C146D7200FC639B /* CopyFiles */,
			);
			buildRules = (
			);
			dependencies = (
			);
			name = RNAdMobManager;
			productName = RNAdMobManager;
			productReference = A96DA7741C146D7200FC639B /* libRNAdMobManager.a */;
			productType = "com.apple.product-type.library.static";
		};
/* End PBXNativeTarget section */

/* Begin PBXProject section */
		A96DA76C1C146D7200FC639B /* Project object */ = {
			isa = PBXProject;
			attributes = {
				LastUpgradeCheck = 0710;
				ORGANIZATIONNAME = accosine;
				TargetAttributes = {
					A96DA7731C146D7200FC639B = {
						CreatedOnToolsVersion = 7.1;
						DevelopmentTeam = BMF2ZL32LL;
					};
				};
			};
			buildConfigurationList = A96DA76F1C146D7200FC639B /* Build configuration list for PBXProject "RNAdMobManager" */;
			compatibilityVersion = "Xcode 3.2";
			developmentRegion = English;
			hasScannedForEncodings = 0;
			knownRegions = (
				English,
				en,
			);
			mainGroup = A96DA76B1C146D7200FC639B;
			productRefGroup = A96DA7751C146D7200FC639B /* Products */;
			projectDirPath = "";
			projectRoot = "";
			targets = (
				A96DA7731C146D7200FC639B /* RNAdMobManager */,
			);
		};
/* End PBXProject section */

/* Begin PBXSourcesBuildPhase section */
		A96DA7701C146D7200FC639B /* Sources */ = {
			isa = PBXSourcesBuildPhase;
			buildActionMask = 2147483647;
			files = (
				411D7D0426ECBF03003D1B04 /* InterstitialAdRequest.m in Sources */,
				411D7D0026ECBF03003D1B04 /* RNDFPBannerViewManager.m in Sources */,
				411D7D0526ECBF03003D1B04 /* InterstitialAdPromise.m in Sources */,
				411D7D0926ECBF03003D1B04 /* RNGADBannerViewManager.m in Sources */,
				411D7D0226ECBF03003D1B04 /* RNAdMobRewarded.m in Sources */,
				411D7D0326ECBF03003D1B04 /* RCTConvert+GADAdSize.m in Sources */,
				411D7D0626ECBF03003D1B04 /* RNAdMobInterstitial.m in Sources */,
				411D7D0126ECBF03003D1B04 /* RNGADBannerView.m in Sources */,
				411D7D0726ECBF03003D1B04 /* RNDFPBannerView.m in Sources */,
				411D7D0826ECBF03003D1B04 /* RNAdMobUtils.m in Sources */,
			);
			runOnlyForDeploymentPostprocessing = 0;
		};
/* End PBXSourcesBuildPhase section */

/* Begin XCBuildConfiguration section */
		A96DA77B1C146D7200FC639B /* Debug */ = {
			isa = XCBuildConfiguration;
			buildSettings = {
				ALWAYS_SEARCH_USER_PATHS = NO;
				CLANG_CXX_LANGUAGE_STANDARD = "gnu++0x";
				CLANG_CXX_LIBRARY = "libc++";
				CLANG_ENABLE_MODULES = YES;
				CLANG_ENABLE_OBJC_ARC = YES;
				CLANG_WARN_BOOL_CONVERSION = YES;
				CLANG_WARN_CONSTANT_CONVERSION = YES;
				CLANG_WARN_DIRECT_OBJC_ISA_USAGE = YES_ERROR;
				CLANG_WARN_EMPTY_BODY = YES;
				CLANG_WARN_ENUM_CONVERSION = YES;
				CLANG_WARN_INT_CONVERSION = YES;
				CLANG_WARN_OBJC_ROOT_CLASS = YES_ERROR;
				CLANG_WARN_UNREACHABLE_CODE = YES;
				CLANG_WARN__DUPLICATE_METHOD_MATCH = YES;
				"CODE_SIGN_IDENTITY[sdk=iphoneos*]" = "iPhone Developer";
				COPY_PHASE_STRIP = NO;
				DEBUG_INFORMATION_FORMAT = dwarf;
				ENABLE_STRICT_OBJC_MSGSEND = YES;
				ENABLE_TESTABILITY = YES;
				GCC_C_LANGUAGE_STANDARD = gnu99;
				GCC_DYNAMIC_NO_PIC = NO;
				GCC_NO_COMMON_BLOCKS = YES;
				GCC_OPTIMIZATION_LEVEL = 0;
				GCC_PREPROCESSOR_DEFINITIONS = (
					"DEBUG=1",
					"$(inherited)",
				);
				GCC_WARN_64_TO_32_BIT_CONVERSION = YES;
				GCC_WARN_ABOUT_RETURN_TYPE = YES_ERROR;
				GCC_WARN_UNDECLARED_SELECTOR = YES;
				GCC_WARN_UNINITIALIZED_AUTOS = YES_AGGRESSIVE;
				GCC_WARN_UNUSED_FUNCTION = YES;
				GCC_WARN_UNUSED_VARIABLE = YES;
				IPHONEOS_DEPLOYMENT_TARGET = 8.0;
				MTL_ENABLE_DEBUG_INFO = YES;
				ONLY_ACTIVE_ARCH = YES;
				SDKROOT = iphoneos;
			};
			name = Debug;
		};
		A96DA77C1C146D7200FC639B /* Release */ = {
			isa = XCBuildConfiguration;
			buildSettings = {
				ALWAYS_SEARCH_USER_PATHS = NO;
				CLANG_CXX_LANGUAGE_STANDARD = "gnu++0x";
				CLANG_CXX_LIBRARY = "libc++";
				CLANG_ENABLE_MODULES = YES;
				CLANG_ENABLE_OBJC_ARC = YES;
				CLANG_WARN_BOOL_CONVERSION = YES;
				CLANG_WARN_CONSTANT_CONVERSION = YES;
				CLANG_WARN_DIRECT_OBJC_ISA_USAGE = YES_ERROR;
				CLANG_WARN_EMPTY_BODY = YES;
				CLANG_WARN_ENUM_CONVERSION = YES;
				CLANG_WARN_INT_CONVERSION = YES;
				CLANG_WARN_OBJC_ROOT_CLASS = YES_ERROR;
				CLANG_WARN_UNREACHABLE_CODE = YES;
				CLANG_WARN__DUPLICATE_METHOD_MATCH = YES;
				"CODE_SIGN_IDENTITY[sdk=iphoneos*]" = "iPhone Developer";
				COPY_PHASE_STRIP = NO;
				DEBUG_INFORMATION_FORMAT = "dwarf-with-dsym";
				ENABLE_NS_ASSERTIONS = NO;
				ENABLE_STRICT_OBJC_MSGSEND = YES;
				GCC_C_LANGUAGE_STANDARD = gnu99;
				GCC_NO_COMMON_BLOCKS = YES;
				GCC_WARN_64_TO_32_BIT_CONVERSION = YES;
				GCC_WARN_ABOUT_RETURN_TYPE = YES_ERROR;
				GCC_WARN_UNDECLARED_SELECTOR = YES;
				GCC_WARN_UNINITIALIZED_AUTOS = YES_AGGRESSIVE;
				GCC_WARN_UNUSED_FUNCTION = YES;
				GCC_WARN_UNUSED_VARIABLE = YES;
				IPHONEOS_DEPLOYMENT_TARGET = 8.0;
				MTL_ENABLE_DEBUG_INFO = NO;
				SDKROOT = iphoneos;
				VALIDATE_PRODUCT = YES;
			};
			name = Release;
		};
		A96DA77E1C146D7200FC639B /* Debug */ = {
			isa = XCBuildConfiguration;
			buildSettings = {
				FRAMEWORK_SEARCH_PATHS = "$(PROJECT_DIR)/../../../ios/Pods/**";
				HEADER_SEARCH_PATHS = (
					"$(inherited)",
					"$(SRCROOT)/../../../node_modules/react-native/React/**",
				);
				OTHER_LDFLAGS = "-ObjC";
				PRODUCT_NAME = "$(TARGET_NAME)";
				SKIP_INSTALL = YES;
			};
			name = Debug;
		};
		A96DA77F1C146D7200FC639B /* Release */ = {
			isa = XCBuildConfiguration;
			buildSettings = {
				FRAMEWORK_SEARCH_PATHS = "$(PROJECT_DIR)/../../../ios/Pods/**";
				HEADER_SEARCH_PATHS = (
					"$(inherited)",
					"$(SRCROOT)/../../../node_modules/react-native/React/**",
				);
				OTHER_LDFLAGS = "-ObjC";
				PRODUCT_NAME = "$(TARGET_NAME)";
				SKIP_INSTALL = YES;
			};
			name = Release;
		};
/* End XCBuildConfiguration section */

/* Begin XCConfigurationList section */
		A96DA76F1C146D7200FC639B /* Build configuration list for PBXProject "RNAdMobManager" */ = {
			isa = XCConfigurationList;
			buildConfigurations = (
				A96DA77B1C146D7200FC639B /* Debug */,
				A96DA77C1C146D7200FC639B /* Release */,
			);
			defaultConfigurationIsVisible = 0;
			defaultConfigurationName = Release;
		};
		A96DA77D1C146D7200FC639B /* Build configuration list for PBXNativeTarget "RNAdMobManager" */ = {
			isa = XCConfigurationList;
			buildConfigurations = (
				A96DA77E1C146D7200FC639B /* Debug */,
				A96DA77F1C146D7200FC639B /* Release */,
			);
			defaultConfigurationIsVisible = 0;
			defaultConfigurationName = Release;
		};
/* End XCConfigurationList section */
	};
	rootObject = A96DA76C1C146D7200FC639B /* Project object */;
}
